
Microsoft Visual Studio Solution File, Format Version 12.00
# Visual Studio Version 16
VisualStudioVersion = 16.0.30907.101
MinimumVisualStudioVersion = 10.0.40219.1
Project("{FAE04EC0-301F-11D3-BF4B-00C04F79EFBC}") = "DataAccess", "DataAccess\DataAccess.csproj", "{3A91F15F-B46F-48F3-966D-6FB7D674430B}"
EndProject
Project("{FAE04EC0-301F-11D3-BF4B-00C04F79EFBC}") = "Business", "Business\Business.csproj", "{14712FB7-0E38-47C0-8F41-4C2BAF546C8F}"
EndProject
Project("{FAE04EC0-301F-11D3-BF4B-00C04F79EFBC}") = "Entities", "Entities\Entities.csproj", "{BA142C66-80E3-42A6-BB92-95678DFECCE1}"
EndProject
Project("{FAE04EC0-301F-11D3-BF4B-00C04F79EFBC}") = "ConsoleUI", "ConsoleUI\ConsoleUI.csproj", "{7C346A07-25EF-4497-9734-D0C53C85A969}"
EndProject
Global
	GlobalSection(SolutionConfigurationPlatforms) = preSolution
		Debug|Any CPU = Debug|Any CPU
		Release|Any CPU = Release|Any CPU
	EndGlobalSection
	GlobalSection(ProjectConfigurationPlatforms) = postSolution
		{3A91F15F-B46F-48F3-966D-6FB7D674430B}.Debug|Any CPU.ActiveCfg = Debug|Any CPU
		{3A91F15F-B46F-48F3-966D-6FB7D674430B}.Debug|Any CPU.Build.0 = Debug|Any CPU
		{3A91F15F-B46F-48F3-966D-6FB7D674430B}.Release|Any CPU.ActiveCfg = Release|Any CPU
		{3A91F15F-B46F-48F3-966D-6FB7D674430B}.Release|Any CPU.Build.0 = Release|Any CPU
		{14712FB7-0E38-47C0-8F41-4C2BAF546C8F}.Debug|Any CPU.ActiveCfg = Debug|Any CPU
		{14712FB7-0E38-47C0-8F41-4C2BAF546C8F}.Debug|Any CPU.Build.0 = Debug|Any CPU
		{14712FB7-0E38-47C0-8F41-4C2BAF546C8F}.Release|Any CPU.ActiveCfg = Release|Any CPU
		{14712FB7-0E38-47C0-8F41-4C2BAF546C8F}.Release|Any CPU.Build.0 = Release|Any CPU
		{BA142C66-80E3-42A6-BB92-95678DFECCE1}.Debug|Any CPU.ActiveCfg = Debug|Any CPU
		{BA142C66-80E3-42A6-BB92-95678DFECCE1}.Debug|Any CPU.Build.0 = Debug|Any CPU
		{BA142C66-80E3-42A6-BB92-95678DFECCE1}.Release|Any CPU.ActiveCfg = Release|Any CPU
		{BA142C66-80E3-42A6-BB92-95678DFECCE1}.Release|Any CPU.Build.0 = Release|Any CPU
		{7C346A07-25EF-4497-9734-D0C53C85A969}.Debug|Any CPU.ActiveCfg = Debug|Any CPU
		{7C346A07-25EF-4497-9734-D0C53C85A969}.Debug|Any CPU.Build.0 = Debug|Any CPU
		{7C346A07-25EF-4497-9734-D0C53C85A969}.Release|Any CPU.ActiveCfg = Release|Any CPU
		{7C346A07-25EF-4497-9734-D0C53C85A969}.Release|Any CPU.Build.0 = Release|Any CPU
	EndGlobalSection
	GlobalSection(SolutionProperties) = preSolution
		HideSolutionNode = FALSE
	EndGlobalSection
	GlobalSection(ExtensibilityGlobals) = postSolution
		SolutionGuid = {0C1B1BB5-92E7-46E6-9948-A634D775ECCE}
	EndGlobalSection
EndGlobal
